
Microsoft Visual Studio Solution File, Format Version 12.00
# Visual Studio Version 17
VisualStudioVersion = 17.0.31903.59
MinimumVisualStudioVersion = 10.0.40219.1
Project("{2150E333-8FDC-42A3-9474-1A3956D46DE8}") = "Solution Items", "Solution Items", "{80919917-E4D6-4DE4-B412-C635B9EAA693}"
	ProjectSection(SolutionItems) = preProject
		.editorconfig = .editorconfig
		.gitignore = .gitignore
		Directory.Build.props = Directory.Build.props
		icon.png = icon.png
		LICENSE = LICENSE
		nuget.config = nuget.config
		readme.md = readme.md
	EndProjectSection
EndProject
Project("{FAE04EC0-301F-11D3-BF4B-00C04F79EFBC}") = "Frank.Collections", "Frank.Collections\Frank.Collections.csproj", "{FAF7F3C6-0D99-4A46-A97B-848FDE36B0A3}"
EndProject
Project("{FAE04EC0-301F-11D3-BF4B-00C04F79EFBC}") = "Frank.Collections.Tests", "Frank.Collections.Tests\Frank.Collections.Tests.csproj", "{B07A0A0E-09E0-47EA-AA86-173462251982}"
EndProject
Global
	GlobalSection(SolutionConfigurationPlatforms) = preSolution
		Debug|Any CPU = Debug|Any CPU
		Release|Any CPU = Release|Any CPU
	EndGlobalSection
	GlobalSection(SolutionProperties) = preSolution
		HideSolutionNode = FALSE
	EndGlobalSection
	GlobalSection(ProjectConfigurationPlatforms) = postSolution
		{FAF7F3C6-0D99-4A46-A97B-848FDE36B0A3}.Debug|Any CPU.ActiveCfg = Debug|Any CPU
		{FAF7F3C6-0D99-4A46-A97B-848FDE36B0A3}.Debug|Any CPU.Build.0 = Debug|Any CPU
		{FAF7F3C6-0D99-4A46-A97B-848FDE36B0A3}.Release|Any CPU.ActiveCfg = Release|Any CPU
		{FAF7F3C6-0D99-4A46-A97B-848FDE36B0A3}.Release|Any CPU.Build.0 = Release|Any CPU
		{B07A0A0E-09E0-47EA-AA86-173462251982}.Debug|Any CPU.ActiveCfg = Debug|Any CPU
		{B07A0A0E-09E0-47EA-AA86-173462251982}.Debug|Any CPU.Build.0 = Debug|Any CPU
		{B07A0A0E-09E0-47EA-AA86-173462251982}.Release|Any CPU.ActiveCfg = Release|Any CPU
		{B07A0A0E-09E0-47EA-AA86-173462251982}.Release|Any CPU.Build.0 = Release|Any CPU
	EndGlobalSection
EndGlobal
